schema: '2.0'
stages:
  unzip_data:
    cmd: python -m ucr_benchmark_template.preprocessing.preprocess unzip-data
    deps:
    - path: data/external/UCRArchive_2018.zip
      hash: md5
      md5: 64239f6b197840b6c5a36ca5dad37c78
      size: 318386832
    - path: ucr_benchmark_template/preprocessing/preprocess.py
      hash: md5
      md5: d9da66892be997b8e00ff1a27ce2970e
      size: 4594
    outs:
    - path: data/raw/
      hash: md5
      md5: 9760f55777cd81761cfffd5b35dde928.dir
      size: 894634377
      nfiles: 416
  preprocess_data:
    cmd: python -m ucr_benchmark_template.preprocessing.preprocess 
      preprocess-data
    deps:
    - path: data/raw/
      hash: md5
      md5: 9760f55777cd81761cfffd5b35dde928.dir
      size: 894634377
      nfiles: 416
    - path: ucr_benchmark_template/preprocessing/preprocess.py
      hash: md5
      md5: d9da66892be997b8e00ff1a27ce2970e
      size: 4594
    - path: ucr_benchmark_template/preprocessing/preprocessors/kan.py
      hash: md5
      md5: f20df758777dc798a0fe7dbd201ccf20
      size: 2337
    - path: ucr_benchmark_template/preprocessing/preprocessors/mlp.py
      hash: md5
      md5: be8dadda16f0ed59fdbc79ddd66ad87d
      size: 1755
    params:
      params.yaml:
        preprocess.datasets:
        - Coffee
        preprocess.models:
        - mlp
        - kan
    outs:
    - path: data/processed/mlp
      hash: md5
      md5: bfa4b67cc48a4f63ffef75dbb53ed5f8.dir
      size: 60090
      nfiles: 1
    - path: data/processed/raw_splits
      hash: md5
      md5: 5e6c9a64d9ed9ef0df7b7b80dcedd277.dir
      size: 65024
      nfiles: 4
  train_all:
    cmd: python -m ucr_benchmark_template.modeling.train
    deps:
    - path: data/processed/
      hash: md5
      md5: 3b3d1290a5a3a92f2265cc427dc49929.dir
      size: 586222902
      nfiles: 600
    - path: params.yaml
      hash: md5
      md5: ccb5404be58a2e63dfd1d23b6e5cf1e7
      size: 398
    - path: ucr_benchmark_template/modeling/train.py
      hash: md5
      md5: b13e11d6d25072b86e099a54fe547a27
      size: 4514
    params:
      params.yaml:
        train.batch: 16
        train.depths:
        - 2
        train.epochs:
        - 500
        train.hidden_layers:
        - 100
        train.learning_rates:
        - 0.001
        train.seeds:
        - 42
    outs:
    - path: data/results/
      hash: md5
      md5: c3f836a09ddbb5c22dce7eee8c741372.dir
      size: 651
      nfiles: 1
    - path: models/
      hash: md5
      md5: 25fac791138391da64eb1d5518b7b7de.dir
      size: 313413
      nfiles: 1
  train_kan:
    cmd: python -m ucr_benchmark_template.modeling.train_kan
    deps:
    - path: data/processed/
      hash: md5
      md5: 6a5bf745a7a13a4cc8cecdc2ee832c2b.dir
      size: 195209
      nfiles: 8
    - path: params.yaml
      hash: md5
      md5: 2a18107403fc354484e866c3620b7f63
      size: 916
    - path: ucr_benchmark_template/modeling/train_kan.py
      hash: md5
      md5: 97e60697fa018c6beeb6cb6e75c737d1
      size: 7845
    outs:
    - path: models/kan/
      hash: md5
      md5: 071739210ae7cd5355c3f40ecdd96f04.dir
      size: 139101
      nfiles: 1
  train_mlp:
    cmd: python -m ucr_benchmark_template.modeling.train
    deps:
    - path: data/processed/
      hash: md5
      md5: 6a5bf745a7a13a4cc8cecdc2ee832c2b.dir
      size: 195209
      nfiles: 8
    - path: params.yaml
      hash: md5
      md5: 2a18107403fc354484e866c3620b7f63
      size: 916
    - path: ucr_benchmark_template/modeling/train.py
      hash: md5
      md5: 145f4864d2f076524df0c00c0148915a
      size: 4555
    outs:
    - path: models/mlp/
      hash: md5
      md5: bddf605ee204dd395a77a22b83f054b6.dir
      size: 63113
      nfiles: 1
  train_inceptiontime:
    cmd: python -m ucr_benchmark_template.modeling.train_inceptiontime
    deps:
    - path: data/processed/
      hash: md5
      md5: 04925c04553f1107486bdd0eb2f1ee52.dir
      size: 193802
      nfiles: 8
    - path: params.yaml
      hash: md5
      md5: ad1468208a77633bc8be8a29d627011a
      size: 874
    - path: ucr_benchmark_template/modeling/train_inceptiontime.py
      hash: md5
      md5: 58d303f0a9f2c6e8bb6215346af6be7c
      size: 6595
    outs:
    - path: models/inceptiontime/
      hash: md5
      md5: e1391a932114d55e3b776b27bec198a3.dir
      size: 1624442
      nfiles: 1
